
Microsoft Visual Studio Solution File, Format Version 12.00
# Visual Studio Version 17
VisualStudioVersion = 17.5.33516.290
MinimumVisualStudioVersion = 10.0.40219.1
Project("{9A19103F-16F7-4668-BE54-9A1E7A4F7556}") = "Mul-Ty2-Player Client", "Mul-Ty2-Player\Mul-Ty2-Player Client.csproj", "{3330D0DC-8CAC-476E-94BF-10F5F593577F}"
EndProject
Project("{FAE04EC0-301F-11D3-BF4B-00C04F79EFBC}") = "Mul-Ty2-Player Server", "Mul-Ty2-Player Server\Mul-Ty2-Player Server.csproj", "{5A34CEDE-335C-439C-8C5D-DAA2F3521D6B}"
EndProject
Global
	GlobalSection(SolutionConfigurationPlatforms) = preSolution
		Debug|Any CPU = Debug|Any CPU
		Release|Any CPU = Release|Any CPU
	EndGlobalSection
	GlobalSection(ProjectConfigurationPlatforms) = postSolution
		{3330D0DC-8CAC-476E-94BF-10F5F593577F}.Debug|Any CPU.ActiveCfg = Debug|Any CPU
		{3330D0DC-8CAC-476E-94BF-10F5F593577F}.Debug|Any CPU.Build.0 = Debug|Any CPU
		{3330D0DC-8CAC-476E-94BF-10F5F593577F}.Release|Any CPU.ActiveCfg = Release|Any CPU
		{3330D0DC-8CAC-476E-94BF-10F5F593577F}.Release|Any CPU.Build.0 = Release|Any CPU
		{5A34CEDE-335C-439C-8C5D-DAA2F3521D6B}.Debug|Any CPU.ActiveCfg = Debug|Any CPU
		{5A34CEDE-335C-439C-8C5D-DAA2F3521D6B}.Debug|Any CPU.Build.0 = Debug|Any CPU
		{5A34CEDE-335C-439C-8C5D-DAA2F3521D6B}.Release|Any CPU.ActiveCfg = Release|Any CPU
		{5A34CEDE-335C-439C-8C5D-DAA2F3521D6B}.Release|Any CPU.Build.0 = Release|Any CPU
	EndGlobalSection
	GlobalSection(SolutionProperties) = preSolution
		HideSolutionNode = FALSE
	EndGlobalSection
	GlobalSection(ExtensibilityGlobals) = postSolution
		SolutionGuid = {A6A45458-09DA-408E-8E14-33874939354E}
	EndGlobalSection
EndGlobal
